
Microsoft Visual Studio Solution File, Format Version 12.00
# Visual Studio Version 17
VisualStudioVersion = 17.8.34408.163
MinimumVisualStudioVersion = 10.0.40219.1
Project("{FAE04EC0-301F-11D3-BF4B-00C04F79EFBC}") = "UnitTest", "UnitTest.csproj", "{EA6209DC-A55E-47D3-85F6-FD66627F5905}"
EndProject
Global
	GlobalSection(SolutionConfigurationPlatforms) = preSolution
		Debug|Any CPU = Debug|Any CPU
		Release|Any CPU = Release|Any CPU
	EndGlobalSection
	GlobalSection(ProjectConfigurationPlatforms) = postSolution
		{EA6209DC-A55E-47D3-85F6-FD66627F5905}.Debug|Any CPU.ActiveCfg = Debug|Any CPU
		{EA6209DC-A55E-47D3-85F6-FD66627F5905}.Debug|Any CPU.Build.0 = Debug|Any CPU
		{EA6209DC-A55E-47D3-85F6-FD66627F5905}.Release|Any CPU.ActiveCfg = Release|Any CPU
		{EA6209DC-A55E-47D3-85F6-FD66627F5905}.Release|Any CPU.Build.0 = Release|Any CPU
	EndGlobalSection
	GlobalSection(SolutionProperties) = preSolution
		HideSolutionNode = FALSE
	EndGlobalSection
	GlobalSection(ExtensibilityGlobals) = postSolution
		SolutionGuid = {F11F697D-59EC-4560-B41A-6A5A24CDE04B}
	EndGlobalSection
EndGlobal
